
Microsoft Visual Studio Solution File, Format Version 12.00
# Visual Studio Version 17
VisualStudioVersion = 17.4.33110.190
MinimumVisualStudioVersion = 10.0.40219.1
Project("{FAE04EC0-301F-11D3-BF4B-00C04F79EFBC}") = "CinemaApp", "CinemaApp\CinemaApp.csproj", "{60219FE0-6CBE-49A7-8BF3-A513C25DE94A}"
EndProject
Global
	GlobalSection(SolutionConfigurationPlatforms) = preSolution
		Debug|Any CPU = Debug|Any CPU
		Release|Any CPU = Release|Any CPU
	EndGlobalSection
	GlobalSection(ProjectConfigurationPlatforms) = postSolution
		{60219FE0-6CBE-49A7-8BF3-A513C25DE94A}.Debug|Any CPU.ActiveCfg = Debug|Any CPU
		{60219FE0-6CBE-49A7-8BF3-A513C25DE94A}.Debug|Any CPU.Build.0 = Debug|Any CPU
		{60219FE0-6CBE-49A7-8BF3-A513C25DE94A}.Release|Any CPU.ActiveCfg = Release|Any CPU
		{60219FE0-6CBE-49A7-8BF3-A513C25DE94A}.Release|Any CPU.Build.0 = Release|Any CPU
	EndGlobalSection
	GlobalSection(SolutionProperties) = preSolution
		HideSolutionNode = FALSE
	EndGlobalSection
	GlobalSection(ExtensibilityGlobals) = postSolution
		SolutionGuid = {5A1D91B2-1CAF-4968-9D85-269C6109745E}
	EndGlobalSection
EndGlobal
